
Microsoft Visual Studio Solution File, Format Version 12.00
# Visual Studio Version 17
VisualStudioVersion = 17.11.35312.102
MinimumVisualStudioVersion = 10.0.40219.1
Project("{FAE04EC0-301F-11D3-BF4B-00C04F79EFBC}") = "Laliga", "Laliga.csproj", "{C23CB6A0-4E69-4D1B-A277-78B93646804B}"
EndProject
Global
	GlobalSection(SolutionConfigurationPlatforms) = preSolution
		Debug|Any CPU = Debug|Any CPU
		Release|Any CPU = Release|Any CPU
	EndGlobalSection
	GlobalSection(ProjectConfigurationPlatforms) = postSolution
		{C23CB6A0-4E69-4D1B-A277-78B93646804B}.Debug|Any CPU.ActiveCfg = Debug|Any CPU
		{C23CB6A0-4E69-4D1B-A277-78B93646804B}.Debug|Any CPU.Build.0 = Debug|Any CPU
		{C23CB6A0-4E69-4D1B-A277-78B93646804B}.Release|Any CPU.ActiveCfg = Release|Any CPU
		{C23CB6A0-4E69-4D1B-A277-78B93646804B}.Release|Any CPU.Build.0 = Release|Any CPU
	EndGlobalSection
	GlobalSection(SolutionProperties) = preSolution
		HideSolutionNode = FALSE
	EndGlobalSection
	GlobalSection(ExtensibilityGlobals) = postSolution
		SolutionGuid = {050E521D-A490-4C56-BB30-B1095A8CE292}
	EndGlobalSection
EndGlobal
